
Microsoft Visual Studio Solution File, Format Version 12.00
# Visual Studio 15
VisualStudioVersion = 15.0.27703.2042
MinimumVisualStudioVersion = 10.0.40219.1
Project("{9A19103F-16F7-4668-BE54-9A1E7A4F7556}") = "Cat.Web", "Cat.Web\Cat.Web.csproj", "{7FD1379E-3365-4342-BC32-F8699B07CD32}"
EndProject
Project("{9A19103F-16F7-4668-BE54-9A1E7A4F7556}") = "Cat.Enums", "Cat.Enums\Cat.Enums.csproj", "{AB00A661-285C-42B5-8ED4-3B9387A11F46}"
EndProject
Project("{9A19103F-16F7-4668-BE54-9A1E7A4F7556}") = "Cat.Foundation", "Cat.Foundation\Cat.Foundation.csproj", "{4A2A26CD-33FD-4DE6-B818-CE9E482ED1DA}"
EndProject
Project("{9A19103F-16F7-4668-BE54-9A1E7A4F7556}") = "Cat.Utility", "Cat.Utility\Cat.Utility.csproj", "{38CFF2F5-6B78-408F-9453-C80993CE1810}"
EndProject
Project("{2150E333-8FDC-42A3-9474-1A3956D46DE8}") = "Cat.Modules", "Cat.Modules", "{B0CB492D-EBC3-44EA-AABD-0D27DA9F6F27}"
EndProject
Project("{2150E333-8FDC-42A3-9474-1A3956D46DE8}") = "Book", "Book", "{70D8F2B6-20E7-4D21-B917-11F528EC7B2D}"
EndProject
Project("{9A19103F-16F7-4668-BE54-9A1E7A4F7556}") = "Cat.M.Book.Models", "Cat.Modules\Book\Cat.M.Book.Models\Cat.M.Book.Models.csproj", "{381118D2-ADD9-41B7-B33A-7FA68C1B2328}"
EndProject
Project("{9A19103F-16F7-4668-BE54-9A1E7A4F7556}") = "Cat.M.Book.Services", "Cat.Modules\Book\Cat.M.Book.Services\Cat.M.Book.Services.csproj", "{FD11C937-429C-4970-B1F4-66F74B402D53}"
EndProject
Project("{2150E333-8FDC-42A3-9474-1A3956D46DE8}") = "Public", "Public", "{5947FD4F-91D1-49CE-97B4-3A9FC7FC8A18}"
EndProject
Project("{9A19103F-16F7-4668-BE54-9A1E7A4F7556}") = "Cat.M.Public.Models", "Cat.Modules\Public\Cat.M.Public.Models\Cat.M.Public.Models.csproj", "{C3FD1480-0443-40BF-BF01-9DD2684B8E9C}"
EndProject
Project("{9A19103F-16F7-4668-BE54-9A1E7A4F7556}") = "Cat.M.Public.Services", "Cat.Modules\Public\Cat.M.Public.Services\Cat.M.Public.Services.csproj", "{F5BB3DFB-03B3-42BA-B7C5-367704EBD286}"
EndProject
Project("{2150E333-8FDC-42A3-9474-1A3956D46DE8}") = "Log", "Log", "{4C010A18-8179-4568-95B1-620CFBC35608}"
EndProject
Project("{9A19103F-16F7-4668-BE54-9A1E7A4F7556}") = "Cat.M.Log.Models", "Cat.Modules\Log\Cat.M.Log.Models\Cat.M.Log.Models.csproj", "{F3CA5D2C-A32D-4FFE-B276-6357526EADB9}"
EndProject
Project("{9A19103F-16F7-4668-BE54-9A1E7A4F7556}") = "Cat.M.Log.Services", "Cat.Modules\Log\Cat.M.Log.Services\Cat.M.Log.Services.csproj", "{AB004384-31AA-44F3-99C9-243125A8B70D}"
EndProject
Project("{2150E333-8FDC-42A3-9474-1A3956D46DE8}") = "Cache", "Cache", "{AD6B6500-FE27-43C9-A5B9-A9CFD1C53D40}"
EndProject
Project("{9A19103F-16F7-4668-BE54-9A1E7A4F7556}") = "Cat.M.Cache.Services", "Cat.Modules\Cache\Cat.M.Cache.Services\Cat.M.Cache.Services.csproj", "{8C431BED-A39F-4C27-B017-324F8C3CA8B9}"
EndProject
Global
	GlobalSection(SolutionConfigurationPlatforms) = preSolution
		Debug|Any CPU = Debug|Any CPU
		Release|Any CPU = Release|Any CPU
	EndGlobalSection
	GlobalSection(ProjectConfigurationPlatforms) = postSolution
		{7FD1379E-3365-4342-BC32-F8699B07CD32}.Debug|Any CPU.ActiveCfg = Debug|Any CPU
		{7FD1379E-3365-4342-BC32-F8699B07CD32}.Debug|Any CPU.Build.0 = Debug|Any CPU
		{7FD1379E-3365-4342-BC32-F8699B07CD32}.Release|Any CPU.ActiveCfg = Release|Any CPU
		{7FD1379E-3365-4342-BC32-F8699B07CD32}.Release|Any CPU.Build.0 = Release|Any CPU
		{AB00A661-285C-42B5-8ED4-3B9387A11F46}.Debug|Any CPU.ActiveCfg = Debug|Any CPU
		{AB00A661-285C-42B5-8ED4-3B9387A11F46}.Debug|Any CPU.Build.0 = Debug|Any CPU
		{AB00A661-285C-42B5-8ED4-3B9387A11F46}.Release|Any CPU.ActiveCfg = Release|Any CPU
		{AB00A661-285C-42B5-8ED4-3B9387A11F46}.Release|Any CPU.Build.0 = Release|Any CPU
		{4A2A26CD-33FD-4DE6-B818-CE9E482ED1DA}.Debug|Any CPU.ActiveCfg = Debug|Any CPU
		{4A2A26CD-33FD-4DE6-B818-CE9E482ED1DA}.Debug|Any CPU.Build.0 = Debug|Any CPU
		{4A2A26CD-33FD-4DE6-B818-CE9E482ED1DA}.Release|Any CPU.ActiveCfg = Release|Any CPU
		{4A2A26CD-33FD-4DE6-B818-CE9E482ED1DA}.Release|Any CPU.Build.0 = Release|Any CPU
		{38CFF2F5-6B78-408F-9453-C80993CE1810}.Debug|Any CPU.ActiveCfg = Debug|Any CPU
		{38CFF2F5-6B78-408F-9453-C80993CE1810}.Debug|Any CPU.Build.0 = Debug|Any CPU
		{38CFF2F5-6B78-408F-9453-C80993CE1810}.Release|Any CPU.ActiveCfg = Release|Any CPU
		{38CFF2F5-6B78-408F-9453-C80993CE1810}.Release|Any CPU.Build.0 = Release|Any CPU
		{381118D2-ADD9-41B7-B33A-7FA68C1B2328}.Debug|Any CPU.ActiveCfg = Debug|Any CPU
		{381118D2-ADD9-41B7-B33A-7FA68C1B2328}.Debug|Any CPU.Build.0 = Debug|Any CPU
		{381118D2-ADD9-41B7-B33A-7FA68C1B2328}.Release|Any CPU.ActiveCfg = Release|Any CPU
		{381118D2-ADD9-41B7-B33A-7FA68C1B2328}.Release|Any CPU.Build.0 = Release|Any CPU
		{FD11C937-429C-4970-B1F4-66F74B402D53}.Debug|Any CPU.ActiveCfg = Debug|Any CPU
		{FD11C937-429C-4970-B1F4-66F74B402D53}.Debug|Any CPU.Build.0 = Debug|Any CPU
		{FD11C937-429C-4970-B1F4-66F74B402D53}.Release|Any CPU.ActiveCfg = Release|Any CPU
		{FD11C937-429C-4970-B1F4-66F74B402D53}.Release|Any CPU.Build.0 = Release|Any CPU
		{C3FD1480-0443-40BF-BF01-9DD2684B8E9C}.Debug|Any CPU.ActiveCfg = Debug|Any CPU
		{C3FD1480-0443-40BF-BF01-9DD2684B8E9C}.Debug|Any CPU.Build.0 = Debug|Any CPU
		{C3FD1480-0443-40BF-BF01-9DD2684B8E9C}.Release|Any CPU.ActiveCfg = Release|Any CPU
		{C3FD1480-0443-40BF-BF01-9DD2684B8E9C}.Release|Any CPU.Build.0 = Release|Any CPU
		{F5BB3DFB-03B3-42BA-B7C5-367704EBD286}.Debug|Any CPU.ActiveCfg = Debug|Any CPU
		{F5BB3DFB-03B3-42BA-B7C5-367704EBD286}.Debug|Any CPU.Build.0 = Debug|Any CPU
		{F5BB3DFB-03B3-42BA-B7C5-367704EBD286}.Release|Any CPU.ActiveCfg = Release|Any CPU
		{F5BB3DFB-03B3-42BA-B7C5-367704EBD286}.Release|Any CPU.Build.0 = Release|Any CPU
		{F3CA5D2C-A32D-4FFE-B276-6357526EADB9}.Debug|Any CPU.ActiveCfg = Debug|Any CPU
		{F3CA5D2C-A32D-4FFE-B276-6357526EADB9}.Debug|Any CPU.Build.0 = Debug|Any CPU
		{F3CA5D2C-A32D-4FFE-B276-6357526EADB9}.Release|Any CPU.ActiveCfg = Release|Any CPU
		{F3CA5D2C-A32D-4FFE-B276-6357526EADB9}.Release|Any CPU.Build.0 = Release|Any CPU
		{AB004384-31AA-44F3-99C9-243125A8B70D}.Debug|Any CPU.ActiveCfg = Debug|Any CPU
		{AB004384-31AA-44F3-99C9-243125A8B70D}.Debug|Any CPU.Build.0 = Debug|Any CPU
		{AB004384-31AA-44F3-99C9-243125A8B70D}.Release|Any CPU.ActiveCfg = Release|Any CPU
		{AB004384-31AA-44F3-99C9-243125A8B70D}.Release|Any CPU.Build.0 = Release|Any CPU
		{8C431BED-A39F-4C27-B017-324F8C3CA8B9}.Debug|Any CPU.ActiveCfg = Debug|Any CPU
		{8C431BED-A39F-4C27-B017-324F8C3CA8B9}.Debug|Any CPU.Build.0 = Debug|Any CPU
		{8C431BED-A39F-4C27-B017-324F8C3CA8B9}.Release|Any CPU.ActiveCfg = Release|Any CPU
		{8C431BED-A39F-4C27-B017-324F8C3CA8B9}.Release|Any CPU.Build.0 = Release|Any CPU
	EndGlobalSection
	GlobalSection(SolutionProperties) = preSolution
		HideSolutionNode = FALSE
	EndGlobalSection
	GlobalSection(NestedProjects) = preSolution
		{70D8F2B6-20E7-4D21-B917-11F528EC7B2D} = {B0CB492D-EBC3-44EA-AABD-0D27DA9F6F27}
		{381118D2-ADD9-41B7-B33A-7FA68C1B2328} = {70D8F2B6-20E7-4D21-B917-11F528EC7B2D}
		{FD11C937-429C-4970-B1F4-66F74B402D53} = {70D8F2B6-20E7-4D21-B917-11F528EC7B2D}
		{5947FD4F-91D1-49CE-97B4-3A9FC7FC8A18} = {B0CB492D-EBC3-44EA-AABD-0D27DA9F6F27}
		{C3FD1480-0443-40BF-BF01-9DD2684B8E9C} = {5947FD4F-91D1-49CE-97B4-3A9FC7FC8A18}
		{F5BB3DFB-03B3-42BA-B7C5-367704EBD286} = {5947FD4F-91D1-49CE-97B4-3A9FC7FC8A18}
		{4C010A18-8179-4568-95B1-620CFBC35608} = {B0CB492D-EBC3-44EA-AABD-0D27DA9F6F27}
		{F3CA5D2C-A32D-4FFE-B276-6357526EADB9} = {4C010A18-8179-4568-95B1-620CFBC35608}
		{AB004384-31AA-44F3-99C9-243125A8B70D} = {4C010A18-8179-4568-95B1-620CFBC35608}
		{AD6B6500-FE27-43C9-A5B9-A9CFD1C53D40} = {B0CB492D-EBC3-44EA-AABD-0D27DA9F6F27}
		{8C431BED-A39F-4C27-B017-324F8C3CA8B9} = {AD6B6500-FE27-43C9-A5B9-A9CFD1C53D40}
	EndGlobalSection
	GlobalSection(ExtensibilityGlobals) = postSolution
		SolutionGuid = {43F33C3A-710C-4E30-B35F-02AF4C3FBE75}
	EndGlobalSection
EndGlobal
