
Microsoft Visual Studio Solution File, Format Version 12.00
# Visual Studio 15
VisualStudioVersion = 15.0.27703.2042
MinimumVisualStudioVersion = 10.0.40219.1
Project("{9A19103F-16F7-4668-BE54-9A1E7A4F7556}") = "Cat.Enums", "Cat.Enums\Cat.Enums.csproj", "{DBDFAAE6-50C9-4325-96E1-32459B0CD879}"
EndProject
Project("{9A19103F-16F7-4668-BE54-9A1E7A4F7556}") = "Cat.Foundation", "Cat.Foundation\Cat.Foundation.csproj", "{F4325105-9E5D-4BDE-85DA-151AC9CAA495}"
EndProject
Project("{9A19103F-16F7-4668-BE54-9A1E7A4F7556}") = "Cat.Utility", "Cat.Utility\Cat.Utility.csproj", "{02AC250D-8100-4584-B3A5-09BEDD596ADD}"
EndProject
Project("{2150E333-8FDC-42A3-9474-1A3956D46DE8}") = "Cat.Modules", "Cat.Modules", "{1D6EB2DD-6AC4-403D-A5A5-8CEAF252C52D}"
EndProject
Project("{2150E333-8FDC-42A3-9474-1A3956D46DE8}") = "Cache", "Cache", "{01F3E95F-FFB2-4F97-B952-4AD2F1DF7AAA}"
EndProject
Project("{9A19103F-16F7-4668-BE54-9A1E7A4F7556}") = "Cat.M.Cache.Services", "Cat.Modules\Cache\Cat.M.Cache.Services\Cat.M.Cache.Services.csproj", "{10CF6995-3208-4B22-BB7B-3917BB3B4A06}"
EndProject
Project("{2150E333-8FDC-42A3-9474-1A3956D46DE8}") = "Log", "Log", "{30CC42D2-9207-4902-A93F-A9D3C92548F8}"
EndProject
Project("{9A19103F-16F7-4668-BE54-9A1E7A4F7556}") = "Cat.M.Log.Models", "Cat.Modules\Log\Cat.M.Log.Models\Cat.M.Log.Models.csproj", "{0802A9CC-46EC-4B3C-B9C6-F9B6685F06ED}"
EndProject
Project("{9A19103F-16F7-4668-BE54-9A1E7A4F7556}") = "Cat.M.Log.Services", "Cat.Modules\Log\Cat.M.Log.Services\Cat.M.Log.Services.csproj", "{5FDB064B-D975-4648-A3F6-7F812040B1F3}"
EndProject
Project("{2150E333-8FDC-42A3-9474-1A3956D46DE8}") = "Public", "Public", "{379A09AE-0E1C-4C5D-B1A3-602B7EDA50EC}"
EndProject
Project("{9A19103F-16F7-4668-BE54-9A1E7A4F7556}") = "Cat.M.Public.Models", "Cat.Modules\Public\Cat.M.Public.Models\Cat.M.Public.Models.csproj", "{477E6D3E-E658-4DA3-A11C-7F2C6D596337}"
EndProject
Project("{9A19103F-16F7-4668-BE54-9A1E7A4F7556}") = "Cat.M.Public.Services", "Cat.Modules\Public\Cat.M.Public.Services\Cat.M.Public.Services.csproj", "{C40919D5-4BD2-4D50-95DB-3000F4FCDD70}"
EndProject
Project("{2150E333-8FDC-42A3-9474-1A3956D46DE8}") = "Book", "Book", "{B7A1DD4C-F8FA-4B76-8369-1C9C53437858}"
EndProject
Project("{9A19103F-16F7-4668-BE54-9A1E7A4F7556}") = "Cat.M.Book.Models", "Cat.Modules\Book\Cat.M.Book.Models\Cat.M.Book.Models.csproj", "{EB6C5223-FC08-4DB4-9DE5-102A3E83DA9B}"
EndProject
Project("{9A19103F-16F7-4668-BE54-9A1E7A4F7556}") = "Cat.M.Book.Services", "Cat.Modules\Book\Cat.M.Book.Services\Cat.M.Book.Services.csproj", "{CCB6BBBB-022F-4090-A396-A2B42C7BCBA4}"
EndProject
Project("{FAE04EC0-301F-11D3-BF4B-00C04F79EFBC}") = "Cat.Web", "Cat.Web\Cat.Web.csproj", "{1761EB21-7844-4AFE-9DDD-2E391FC8818B}"
EndProject
Global
	GlobalSection(SolutionConfigurationPlatforms) = preSolution
		Debug|Any CPU = Debug|Any CPU
		Release|Any CPU = Release|Any CPU
	EndGlobalSection
	GlobalSection(ProjectConfigurationPlatforms) = postSolution
		{DBDFAAE6-50C9-4325-96E1-32459B0CD879}.Debug|Any CPU.ActiveCfg = Debug|Any CPU
		{DBDFAAE6-50C9-4325-96E1-32459B0CD879}.Debug|Any CPU.Build.0 = Debug|Any CPU
		{DBDFAAE6-50C9-4325-96E1-32459B0CD879}.Release|Any CPU.ActiveCfg = Release|Any CPU
		{DBDFAAE6-50C9-4325-96E1-32459B0CD879}.Release|Any CPU.Build.0 = Release|Any CPU
		{F4325105-9E5D-4BDE-85DA-151AC9CAA495}.Debug|Any CPU.ActiveCfg = Debug|Any CPU
		{F4325105-9E5D-4BDE-85DA-151AC9CAA495}.Debug|Any CPU.Build.0 = Debug|Any CPU
		{F4325105-9E5D-4BDE-85DA-151AC9CAA495}.Release|Any CPU.ActiveCfg = Release|Any CPU
		{F4325105-9E5D-4BDE-85DA-151AC9CAA495}.Release|Any CPU.Build.0 = Release|Any CPU
		{02AC250D-8100-4584-B3A5-09BEDD596ADD}.Debug|Any CPU.ActiveCfg = Debug|Any CPU
		{02AC250D-8100-4584-B3A5-09BEDD596ADD}.Debug|Any CPU.Build.0 = Debug|Any CPU
		{02AC250D-8100-4584-B3A5-09BEDD596ADD}.Release|Any CPU.ActiveCfg = Release|Any CPU
		{02AC250D-8100-4584-B3A5-09BEDD596ADD}.Release|Any CPU.Build.0 = Release|Any CPU
		{10CF6995-3208-4B22-BB7B-3917BB3B4A06}.Debug|Any CPU.ActiveCfg = Debug|Any CPU
		{10CF6995-3208-4B22-BB7B-3917BB3B4A06}.Debug|Any CPU.Build.0 = Debug|Any CPU
		{10CF6995-3208-4B22-BB7B-3917BB3B4A06}.Release|Any CPU.ActiveCfg = Release|Any CPU
		{10CF6995-3208-4B22-BB7B-3917BB3B4A06}.Release|Any CPU.Build.0 = Release|Any CPU
		{0802A9CC-46EC-4B3C-B9C6-F9B6685F06ED}.Debug|Any CPU.ActiveCfg = Debug|Any CPU
		{0802A9CC-46EC-4B3C-B9C6-F9B6685F06ED}.Debug|Any CPU.Build.0 = Debug|Any CPU
		{0802A9CC-46EC-4B3C-B9C6-F9B6685F06ED}.Release|Any CPU.ActiveCfg = Release|Any CPU
		{0802A9CC-46EC-4B3C-B9C6-F9B6685F06ED}.Release|Any CPU.Build.0 = Release|Any CPU
		{5FDB064B-D975-4648-A3F6-7F812040B1F3}.Debug|Any CPU.ActiveCfg = Debug|Any CPU
		{5FDB064B-D975-4648-A3F6-7F812040B1F3}.Debug|Any CPU.Build.0 = Debug|Any CPU
		{5FDB064B-D975-4648-A3F6-7F812040B1F3}.Release|Any CPU.ActiveCfg = Release|Any CPU
		{5FDB064B-D975-4648-A3F6-7F812040B1F3}.Release|Any CPU.Build.0 = Release|Any CPU
		{477E6D3E-E658-4DA3-A11C-7F2C6D596337}.Debug|Any CPU.ActiveCfg = Debug|Any CPU
		{477E6D3E-E658-4DA3-A11C-7F2C6D596337}.Debug|Any CPU.Build.0 = Debug|Any CPU
		{477E6D3E-E658-4DA3-A11C-7F2C6D596337}.Release|Any CPU.ActiveCfg = Release|Any CPU
		{477E6D3E-E658-4DA3-A11C-7F2C6D596337}.Release|Any CPU.Build.0 = Release|Any CPU
		{C40919D5-4BD2-4D50-95DB-3000F4FCDD70}.Debug|Any CPU.ActiveCfg = Debug|Any CPU
		{C40919D5-4BD2-4D50-95DB-3000F4FCDD70}.Debug|Any CPU.Build.0 = Debug|Any CPU
		{C40919D5-4BD2-4D50-95DB-3000F4FCDD70}.Release|Any CPU.ActiveCfg = Release|Any CPU
		{C40919D5-4BD2-4D50-95DB-3000F4FCDD70}.Release|Any CPU.Build.0 = Release|Any CPU
		{EB6C5223-FC08-4DB4-9DE5-102A3E83DA9B}.Debug|Any CPU.ActiveCfg = Debug|Any CPU
		{EB6C5223-FC08-4DB4-9DE5-102A3E83DA9B}.Debug|Any CPU.Build.0 = Debug|Any CPU
		{EB6C5223-FC08-4DB4-9DE5-102A3E83DA9B}.Release|Any CPU.ActiveCfg = Release|Any CPU
		{EB6C5223-FC08-4DB4-9DE5-102A3E83DA9B}.Release|Any CPU.Build.0 = Release|Any CPU
		{CCB6BBBB-022F-4090-A396-A2B42C7BCBA4}.Debug|Any CPU.ActiveCfg = Debug|Any CPU
		{CCB6BBBB-022F-4090-A396-A2B42C7BCBA4}.Debug|Any CPU.Build.0 = Debug|Any CPU
		{CCB6BBBB-022F-4090-A396-A2B42C7BCBA4}.Release|Any CPU.ActiveCfg = Release|Any CPU
		{CCB6BBBB-022F-4090-A396-A2B42C7BCBA4}.Release|Any CPU.Build.0 = Release|Any CPU
		{1761EB21-7844-4AFE-9DDD-2E391FC8818B}.Debug|Any CPU.ActiveCfg = Debug|Any CPU
		{1761EB21-7844-4AFE-9DDD-2E391FC8818B}.Debug|Any CPU.Build.0 = Debug|Any CPU
		{1761EB21-7844-4AFE-9DDD-2E391FC8818B}.Release|Any CPU.ActiveCfg = Release|Any CPU
		{1761EB21-7844-4AFE-9DDD-2E391FC8818B}.Release|Any CPU.Build.0 = Release|Any CPU
	EndGlobalSection
	GlobalSection(SolutionProperties) = preSolution
		HideSolutionNode = FALSE
	EndGlobalSection
	GlobalSection(NestedProjects) = preSolution
		{01F3E95F-FFB2-4F97-B952-4AD2F1DF7AAA} = {1D6EB2DD-6AC4-403D-A5A5-8CEAF252C52D}
		{10CF6995-3208-4B22-BB7B-3917BB3B4A06} = {01F3E95F-FFB2-4F97-B952-4AD2F1DF7AAA}
		{30CC42D2-9207-4902-A93F-A9D3C92548F8} = {1D6EB2DD-6AC4-403D-A5A5-8CEAF252C52D}
		{0802A9CC-46EC-4B3C-B9C6-F9B6685F06ED} = {30CC42D2-9207-4902-A93F-A9D3C92548F8}
		{5FDB064B-D975-4648-A3F6-7F812040B1F3} = {30CC42D2-9207-4902-A93F-A9D3C92548F8}
		{379A09AE-0E1C-4C5D-B1A3-602B7EDA50EC} = {1D6EB2DD-6AC4-403D-A5A5-8CEAF252C52D}
		{477E6D3E-E658-4DA3-A11C-7F2C6D596337} = {379A09AE-0E1C-4C5D-B1A3-602B7EDA50EC}
		{C40919D5-4BD2-4D50-95DB-3000F4FCDD70} = {379A09AE-0E1C-4C5D-B1A3-602B7EDA50EC}
		{B7A1DD4C-F8FA-4B76-8369-1C9C53437858} = {1D6EB2DD-6AC4-403D-A5A5-8CEAF252C52D}
		{EB6C5223-FC08-4DB4-9DE5-102A3E83DA9B} = {B7A1DD4C-F8FA-4B76-8369-1C9C53437858}
		{CCB6BBBB-022F-4090-A396-A2B42C7BCBA4} = {B7A1DD4C-F8FA-4B76-8369-1C9C53437858}
	EndGlobalSection
	GlobalSection(ExtensibilityGlobals) = postSolution
		SolutionGuid = {40CCCC50-370D-487B-9CB0-F2310C1B10DE}
	EndGlobalSection
EndGlobal
